github.com/timtadh/data-structures v0.6.1/go.mod h1:uYUnI1cQi/5yMCc7s23I+x8Mn8BCMf4WgK+7/4QSEk4=
github.com/timtadh/data-structures v0.6.2 h1:zybDnU5NLjJ7WKMDJpvVwczQuf1wSLBgdRHZ9O4AqJ0=
github.com/timtadh/data-structures v0.6.2/go.mod h1:uYUnI1cQi/5yMCc7s23I+x8Mn8BCMf4WgK+7/4QSEk4=
github.com/timtadh/getopt v1.0.0/go.mod h1:L3EL6YN2G0eIAhYBo9b7SB9d/kEQmdnwthIlMJfj210=
github.com/timtadh/lexmachine v0.2.3 h1:ZqlfHnfMcAygtbNM5Gv7jQf8hmM8LfVzDjfCrq235NQ=
github.com/timtadh/lexmachine v0.2.3/go.mod h1:oK1NW+93fQSIF6s+J6sXBFWsCPCFbNmrwKV1i0aqvW0=
gopkg.in/check.v1 v0.0.0-20161208181325-20d25e280405 h1:yhCVgyC4o1eVCa2tZl7eS0r+SDo693bJlVdllGtEeKM=
gopkg.in/check.v1 v0.0.0-20161208181325-20d25e280405/go.mod h1:Co6ibVJAznAaIkqp8huTwlJQCZ016jof/cbN4VW5Yz0=
gopkg.in/yaml.v2 v2.4.0 h1:D8xgwECY7CYvx+Y2n4sBz93Jn9JRvxdiyyo8CTfuKaY=
gopkg.in/yaml.v2 v2.4.0/go.mod h1:RDklbk79AGWmwhnvt/jBztapEOGDOx6ZbXqjP6csGnQ=
