github.com/Acetolyne/sourcelex v0.0.0-20220119054038-1b9fd80e3844 h1:LtnImP7vR3zzTxU7vCIWJJEuarLZolWdMfqGq38SBgU=
github.com/Acetolyne/sourcelex v0.0.0-20220119054038-1b9fd80e3844/go.mod h1:byj1TzytRCaB12d7JsU/at4/MRMTN92INt3/u7MZwhI=
github.com/Acetolyne/sourcelex v0.0.0-20220119065531-cab4802cc81c h1:U1biBGi4tqoPFpfTm2LTOhwhbw3OfSB4T5OgWDLRzhM=
github.com/Acetolyne/sourcelex v0.0.0-20220119065531-cab4802cc81c/go.mod h1:byj1TzytRCaB12d7JsU/at4/MRMTN92INt3/u7MZwhI=
github.com/Acetolyne/sourcelex v0.0.0-20220119071534-ae6ef1998fc3 h1:PYdyEqmRRw8LDDlMWdtY+0vY7nSj3WOABwsmlw+7NCQ=
github.com/Acetolyne/sourcelex v0.0.0-20220119071534-ae6ef1998fc3/go.mod h1:byj1TzytRCaB12d7JsU/at4/MRMTN92INt3/u7MZwhI=
github.com/Acetolyne/sourcelex v0.0.0-20220119072729-76c56b19e6dd h1:xwSrWB/ZLlxHE2SmdcK4O4ClIfcfIq/oCmKs3Q3nzPA=
github.com/Acetolyne/sourcelex v0.0.0-20220119072729-76c56b19e6dd/go.mod h1:byj1TzytRCaB12d7JsU/at4/MRMTN92INt3/u7MZwhI=
github.com/Acetolyne/sourcelex v0.0.0-20220119081731-07acd97eeaa0 h1:pCV+k+QNDCIR8gQDQOF+aZRc8uH3t0xFcWhWc51hk7s=
github.com/Acetolyne/sourcelex v0.0.0-20220119081731-07acd97eeaa0/go.mod h1:byj1TzytRCaB12d7JsU/at4/MRMTN92INt3/u7MZwhI=
github.com/Acetolyne/sourcelex v0.0.0-20220119091100-1d7144cb332e h1:MBbDtEO8Ql2EvOxI5mdoYsMbG8h0j3BX7N85PISnHiM=
github.com/Acetolyne/sourcelex v0.0.0-20220119091100-1d7144cb332e/go.mod h1:byj1TzytRCaB12d7JsU/at4/MRMTN92INt3/u7MZwhI=
github.com/Acetolyne/sourcelex v0.0.0-20220119095419-1d6d060f780f h1:sZnqYh7rQOl7j+CfOVL8qVijIGzDdaj6WQlERfeApP0=
github.com/Acetolyne/sourcelex v0.0.0-20220119095419-1d6d060f780f/go.mod h1:byj1TzytRCaB12d7JsU/at4/MRMTN92INt3/u7MZwhI=
github.com/Acetolyne/sourcelex v0.0.0-20220119115331-e6032504780e h1:/tGUKY0g/fZzES7hXHoG6wLgvY1qVQHnvnK5lBLbaSU=
github.com/Acetolyne/sourcelex v0.0.0-20220119115331-e6032504780e/go.mod h1:byj1TzytRCaB12d7JsU/at4/MRMTN92INt3/u7MZwhI=
github.com/Acetolyne/sourcelex v0.0.0-20220119121641-6606fc4514e0 h1:1J5vo2IaZXJ9/6v2Yu7v6PJZDUlBuiAG2s5p7N8H8vs=
github.com/Acetolyne/sourcelex v0.0.0-20220119121641-6606fc4514e0/go.mod h1:byj1TzytRCaB12d7JsU/at4/MRMTN92INt3/u7MZwhI=
github.com/Acetolyne/sourcelex v0.0.0-20220119123056-fb46ada7e342 h1:hkhuRMKdG+Swounck2iWiMCSoogzYL1Du7oKETgJOgI=
github.com/Acetolyne/sourcelex v0.0.0-20220119123056-fb46ada7e342/go.mod h1:byj1TzytRCaB12d7JsU/at4/MRMTN92INt3/u7MZwhI=
github.com/Acetolyne/sourcelex v0.0.0-20220119123802-76a172fd9032 h1:EtCHrHOxcIPgSm3skmmLO0i0lDqKNN0HljqfKmW/TdE=
github.com/Acetolyne/sourcelex v0.0.0-20220119123802-76a172fd9032/go.mod h1:byj1TzytRCaB12d7JsU/at4/MRMTN92INt3/u7MZwhI=
github.com/Acetolyne/sourcelex v0.0.0-20220119124127-4149cba58d57 h1:VulZyDKZLqxE8tFit2eTvgirWktqXqy5dGqbDA73wAM=
github.com/Acetolyne/sourcelex v0.0.0-20220119124127-4149cba58d57/go.mod h1:byj1TzytRCaB12d7JsU/at4/MRMTN92INt3/u7MZwhI=
github.com/Acetolyne/sourcelex v0.0.0-20220119124705-3cd36490e4a5 h1:Xbz6zeXFRobQJmHeOarKTSEyeph+yWIoFTJ+SsVZZi8=
github.com/Acetolyne/sourcelex v0.0.0-20220119124705-3cd36490e4a5/go.mod h1:byj1TzytRCaB12d7JsU/at4/MRMTN92INt3/u7MZwhI=
github.com/Acetolyne/sourcelex v0.0.0-20220119124851-0a8a220fe5eb h1:yRRb3YiqMfD1ubKGxRflmoY9VrKCTPzOgR0Fma3S73Q=
github.com/Acetolyne/sourcelex v0.0.0-20220119124851-0a8a220fe5eb/go.mod h1:byj1TzytRCaB12d7JsU/at4/MRMTN92INt3/u7MZwhI=
github.com/Acetolyne/sourcelex v0.0.0-20220119133602-75fc7239a8a4 h1:lZrdh3Lgl8Cw7LWonIYriye35uVd5Tf6/uDV80uRMX8=
github.com/Acetolyne/sourcelex v0.0.0-20220119133602-75fc7239a8a4/go.mod h1:byj1TzytRCaB12d7JsU/at4/MRMTN92INt3/u7MZwhI=
github.com/Acetolyne/sourcelex v0.0.0-20220119213150-d280cfaa6e4f h1:Qa80oUBGuQhlgox4uyMgX/TrqI4rMnFBPylsONdWCjg=
github.com/Acetolyne/sourcelex v0.0.0-20220119213150-d280cfaa6e4f/go.mod h1:byj1TzytRCaB12d7JsU/at4/MRMTN92INt3/u7MZwhI=
github.com/Acetolyne/sourcelex v0.0.0-20220119214218-8ef37269dc06 h1:M8aZ5+i7GUqJmP2Y4bv/nhFy9jFeTRmX7C32AfXsfMk=
github.com/Acetolyne/sourcelex v0.0.0-20220119214218-8ef37269dc06/go.mod h1:byj1TzytRCaB12d7JsU/at4/MRMTN92INt3/u7MZwhI=
github.com/Acetolyne/sourcelex v0.0.0-20220119215310-71e930125030 h1:Q768tu+fEweCRph9zIS+PppzRvHPfhQ/t1zKBOZRLdc=
github.com/Acetolyne/sourcelex v0.0.0-20220119215310-71e930125030/go.mod h1:byj1TzytRCaB12d7JsU/at4/MRMTN92INt3/u7MZwhI=
github.com/Acetolyne/sourcelex v0.0.0-20220119224253-ea40198dc7e3 h1:y5+AFJNIBdAjK2JYo501omLpSCK9t7MdswgbF51jznY=
github.com/Acetolyne/sourcelex v0.0.0-20220119224253-ea40198dc7e3/go.mod h1:byj1TzytRCaB12d7JsU/at4/MRMTN92INt3/u7MZwhI=
github.com/Acetolyne/sourcelex v0.0.0-20220119224718-66ba61bc22ae h1:/Bq0KFStu8PtHoq5H2qvtZsgkemHCs0LMnLRSFmclIA=
github.com/Acetolyne/sourcelex v0.0.0-20220119224718-66ba61bc22ae/go.mod h1:byj1TzytRCaB12d7JsU/at4/MRMTN92INt3/u7MZwhI=
github.com/Acetolyne/sourcelex v0.0.0-20220119230627-6dfd003528e5 h1:L7xBQ3nUMH5j31Bd81BXLDI32zUbG8TiG8YxKmpD+JI=
github.com/Acetolyne/sourcelex v0.0.0-20220119230627-6dfd003528e5/go.mod h1:byj1TzytRCaB12d7JsU/at4/MRMTN92INt3/u7MZwhI=
github.com/Acetolyne/sourcelex v0.0.0-20220120034917-fd0fa9388eaa h1:Xmli2U0XgZy9CZcF+1eB8gmFkWHoJ9o77oDi48PfuHQ=
github.com/Acetolyne/sourcelex v0.0.0-20220120034917-fd0fa9388eaa/go.mod h1:byj1TzytRCaB12d7JsU/at4/MRMTN92INt3/u7MZwhI=
gopkg.in/check.v1 v0.0.0-20161208181325-20d25e280405 h1:yhCVgyC4o1eVCa2tZl7eS0r+SDo693bJlVdllGtEeKM=
gopkg.in/check.v1 v0.0.0-20161208181325-20d25e280405/go.mod h1:Co6ibVJAznAaIkqp8huTwlJQCZ016jof/cbN4VW5Yz0=
gopkg.in/yaml.v2 v2.4.0 h1:D8xgwECY7CYvx+Y2n4sBz93Jn9JRvxdiyyo8CTfuKaY=
gopkg.in/yaml.v2 v2.4.0/go.mod h1:RDklbk79AGWmwhnvt/jBztapEOGDOx6ZbXqjP6csGnQ=
